
Microsoft Visual Studio Solution File, Format Version 12.00
# Visual Studio Version 17
VisualStudioVersion = 17.7.34202.233
MinimumVisualStudioVersion = 10.0.40219.1
Project("{9A19103F-16F7-4668-BE54-9A1E7A4F7556}") = "Atividade 4", "Atividade 4\Atividade 4.csproj", "{ADBE6A53-8A42-4285-AEDC-28E449548748}"
EndProject
Project("{9A19103F-16F7-4668-BE54-9A1E7A4F7556}") = "Atividade 1", "..\..\Atividade 1\AtividadeStructs\Atividade 1.csproj", "{0C222D58-9371-4050-BDEA-C6B8CE6C713B}"
EndProject
Project("{FAE04EC0-301F-11D3-BF4B-00C04F79EFBC}") = "Atividade 5", "Atividade 5\Atividade 5.csproj", "{F5C94BFF-6E18-46DC-863F-7210ADCECE43}"
EndProject
Global
	GlobalSection(SolutionConfigurationPlatforms) = preSolution
		Debug|Any CPU = Debug|Any CPU
		Release|Any CPU = Release|Any CPU
	EndGlobalSection
	GlobalSection(ProjectConfigurationPlatforms) = postSolution
		{ADBE6A53-8A42-4285-AEDC-28E449548748}.Debug|Any CPU.ActiveCfg = Debug|Any CPU
		{ADBE6A53-8A42-4285-AEDC-28E449548748}.Debug|Any CPU.Build.0 = Debug|Any CPU
		{ADBE6A53-8A42-4285-AEDC-28E449548748}.Release|Any CPU.ActiveCfg = Release|Any CPU
		{ADBE6A53-8A42-4285-AEDC-28E449548748}.Release|Any CPU.Build.0 = Release|Any CPU
		{0C222D58-9371-4050-BDEA-C6B8CE6C713B}.Debug|Any CPU.ActiveCfg = Debug|Any CPU
		{0C222D58-9371-4050-BDEA-C6B8CE6C713B}.Debug|Any CPU.Build.0 = Debug|Any CPU
		{0C222D58-9371-4050-BDEA-C6B8CE6C713B}.Release|Any CPU.ActiveCfg = Release|Any CPU
		{0C222D58-9371-4050-BDEA-C6B8CE6C713B}.Release|Any CPU.Build.0 = Release|Any CPU
		{F5C94BFF-6E18-46DC-863F-7210ADCECE43}.Debug|Any CPU.ActiveCfg = Debug|Any CPU
		{F5C94BFF-6E18-46DC-863F-7210ADCECE43}.Debug|Any CPU.Build.0 = Debug|Any CPU
		{F5C94BFF-6E18-46DC-863F-7210ADCECE43}.Release|Any CPU.ActiveCfg = Release|Any CPU
		{F5C94BFF-6E18-46DC-863F-7210ADCECE43}.Release|Any CPU.Build.0 = Release|Any CPU
	EndGlobalSection
	GlobalSection(SolutionProperties) = preSolution
		HideSolutionNode = FALSE
	EndGlobalSection
	GlobalSection(ExtensibilityGlobals) = postSolution
		SolutionGuid = {60CBCAD4-56A1-4B7E-AA26-BFCCBC97AE34}
	EndGlobalSection
EndGlobal
