
Microsoft Visual Studio Solution File, Format Version 12.00
# Visual Studio Version 17
VisualStudioVersion = 17.7.34202.233
MinimumVisualStudioVersion = 10.0.40219.1
Project("{FAE04EC0-301F-11D3-BF4B-00C04F79EFBC}") = "Atividade 2", "Atividade 2\Atividade 2.csproj", "{1C80A706-9B83-4DE5-B54F-4A864B3CC79C}"
EndProject
Project("{9A19103F-16F7-4668-BE54-9A1E7A4F7556}") = "Atividade 1", "..\..\AulaIF\Lista 3 Structs\Atividade 1\AtividadeStructs\Atividade 1.csproj", "{7BAAAD4D-BC89-4788-A50F-4112BF4F934E}"
EndProject
Global
	GlobalSection(SolutionConfigurationPlatforms) = preSolution
		Debug|Any CPU = Debug|Any CPU
		Release|Any CPU = Release|Any CPU
	EndGlobalSection
	GlobalSection(ProjectConfigurationPlatforms) = postSolution
		{1C80A706-9B83-4DE5-B54F-4A864B3CC79C}.Debug|Any CPU.ActiveCfg = Debug|Any CPU
		{1C80A706-9B83-4DE5-B54F-4A864B3CC79C}.Debug|Any CPU.Build.0 = Debug|Any CPU
		{1C80A706-9B83-4DE5-B54F-4A864B3CC79C}.Release|Any CPU.ActiveCfg = Release|Any CPU
		{1C80A706-9B83-4DE5-B54F-4A864B3CC79C}.Release|Any CPU.Build.0 = Release|Any CPU
		{7BAAAD4D-BC89-4788-A50F-4112BF4F934E}.Debug|Any CPU.ActiveCfg = Debug|Any CPU
		{7BAAAD4D-BC89-4788-A50F-4112BF4F934E}.Debug|Any CPU.Build.0 = Debug|Any CPU
		{7BAAAD4D-BC89-4788-A50F-4112BF4F934E}.Release|Any CPU.ActiveCfg = Release|Any CPU
		{7BAAAD4D-BC89-4788-A50F-4112BF4F934E}.Release|Any CPU.Build.0 = Release|Any CPU
	EndGlobalSection
	GlobalSection(SolutionProperties) = preSolution
		HideSolutionNode = FALSE
	EndGlobalSection
	GlobalSection(ExtensibilityGlobals) = postSolution
		SolutionGuid = {9C2AA98F-56F7-4C81-B248-CEE4E1AD2B76}
	EndGlobalSection
EndGlobal
